<?xml version="1.0" encoding="utf-8"?>
<Project ToolsVersion="4.0" xmlns="http://schemas.microsoft.com/developer/msbuild/2003">
  <ItemGroup>
    <ClCompile Include="dllmain.cpp" />
    <ClCompile Include="User.cpp" />
    <ClCompile Include="IOCPort.cpp" />
    <ClCompile Include="IOCPSocket2.cpp" />
    <ClCompile Include="JvCryption.cpp" />
  </ItemGroup>
  <ItemGroup>
    <ClInclude Include="pch.h" />
    <ClInclude Include="User.h" />
    <ClInclude Include="IOCPort.h" />
    <ClInclude Include="IOCPSocket2.h" />
    <ClInclude Include="JvCryption.h" />
  </ItemGroup>
</Project>